# THIS IS AN AUTOGENERATED FILE. DO NOT EDIT THIS FILE DIRECTLY.
# yarn lockfile v1


"@hotwired/turbo@^7.0.0-beta.5":
  version "7.0.0-beta.5"
  resolved "https://registry.yarnpkg.com/@hotwired/turbo/-/turbo-7.0.0-beta.5.tgz#3167e8e882b9075c5b3b2e2f32432cca2862c61c"
  integrity sha512-z10dI2U/StkMSmnfJUsyez6jrhnitgzjyw2CxE3LnAAzW/TBhvsMYKsVG7Xu337r3gh0r6UwIFWyvvtm3in6gg==

esbuild@^0.11.12:
  version "0.11.12"
  resolved "https://registry.yarnpkg.com/esbuild/-/esbuild-0.11.12.tgz#8cbe15bcb44212624c3e77c896a835f74dc71c3c"
  integrity sha512-c8cso/1RwVj+fbDvLtUgSG4ZJQ0y9Zdrl6Ot/GAjyy4pdMCHaFnDMts5gqFnWRPLajWtEnI+3hlET4R9fVoZng==
